
Microsoft Visual Studio Solution File, Format Version 12.00
# Visual Studio Version 16
VisualStudioVersion = 16.0.28315.86
MinimumVisualStudioVersion = 10.0.40219.1
Project("{9A19103F-16F7-4668-BE54-9A1E7A4F7556}") = "SomeTestOnMongoDriver", "SomeTestOnMongoDriver\SomeTestOnMongoDriver.csproj", "{47D5E058-F2A0-401B-826B-437C40C3137C}"
EndProject
Global
	GlobalSection(SolutionConfigurationPlatforms) = preSolution
		Debug|Any CPU = Debug|Any CPU
		Release|Any CPU = Release|Any CPU
	EndGlobalSection
	GlobalSection(ProjectConfigurationPlatforms) = postSolution
		{47D5E058-F2A0-401B-826B-437C40C3137C}.Debug|Any CPU.ActiveCfg = Debug|Any CPU
		{47D5E058-F2A0-401B-826B-437C40C3137C}.Debug|Any CPU.Build.0 = Debug|Any CPU
		{47D5E058-F2A0-401B-826B-437C40C3137C}.Release|Any CPU.ActiveCfg = Release|Any CPU
		{47D5E058-F2A0-401B-826B-437C40C3137C}.Release|Any CPU.Build.0 = Release|Any CPU
	EndGlobalSection
	GlobalSection(SolutionProperties) = preSolution
		HideSolutionNode = FALSE
	EndGlobalSection
	GlobalSection(ExtensibilityGlobals) = postSolution
		SolutionGuid = {C725E90F-CF8E-4D0A-8018-0D2C4F9D7A26}
	EndGlobalSection
EndGlobal
